
Microsoft Visual Studio Solution File, Format Version 12.00
# Visual Studio Version 17
VisualStudioVersion = 17.2.32526.322
MinimumVisualStudioVersion = 10.0.40219.1
Project("{9A19103F-16F7-4668-BE54-9A1E7A4F7556}") = "Web", "Web\Web.csproj", "{9E45A795-9A36-4F84-9689-60EF43409A20}"
EndProject
Project("{FAE04EC0-301F-11D3-BF4B-00C04F79EFBC}") = "UnitTests", "UnitTests\UnitTests.csproj", "{5817988E-BF3C-4EBC-991E-6D6E7601476C}"
EndProject
Project("{FAE04EC0-301F-11D3-BF4B-00C04F79EFBC}") = "API", "API\API.csproj", "{D6FD2230-3D7F-4486-A2DD-431757CF90A2}"
EndProject
Global
	GlobalSection(SolutionConfigurationPlatforms) = preSolution
		Debug|Any CPU = Debug|Any CPU
		Release|Any CPU = Release|Any CPU
	EndGlobalSection
	GlobalSection(ProjectConfigurationPlatforms) = postSolution
		{9E45A795-9A36-4F84-9689-60EF43409A20}.Debug|Any CPU.ActiveCfg = Debug|Any CPU
		{9E45A795-9A36-4F84-9689-60EF43409A20}.Debug|Any CPU.Build.0 = Debug|Any CPU
		{9E45A795-9A36-4F84-9689-60EF43409A20}.Release|Any CPU.ActiveCfg = Release|Any CPU
		{9E45A795-9A36-4F84-9689-60EF43409A20}.Release|Any CPU.Build.0 = Release|Any CPU
		{5817988E-BF3C-4EBC-991E-6D6E7601476C}.Debug|Any CPU.ActiveCfg = Debug|Any CPU
		{5817988E-BF3C-4EBC-991E-6D6E7601476C}.Debug|Any CPU.Build.0 = Debug|Any CPU
		{5817988E-BF3C-4EBC-991E-6D6E7601476C}.Release|Any CPU.ActiveCfg = Release|Any CPU
		{5817988E-BF3C-4EBC-991E-6D6E7601476C}.Release|Any CPU.Build.0 = Release|Any CPU
		{D6FD2230-3D7F-4486-A2DD-431757CF90A2}.Debug|Any CPU.ActiveCfg = Debug|Any CPU
		{D6FD2230-3D7F-4486-A2DD-431757CF90A2}.Debug|Any CPU.Build.0 = Debug|Any CPU
		{D6FD2230-3D7F-4486-A2DD-431757CF90A2}.Release|Any CPU.ActiveCfg = Release|Any CPU
		{D6FD2230-3D7F-4486-A2DD-431757CF90A2}.Release|Any CPU.Build.0 = Release|Any CPU
	EndGlobalSection
	GlobalSection(SolutionProperties) = preSolution
		HideSolutionNode = FALSE
	EndGlobalSection
	GlobalSection(ExtensibilityGlobals) = postSolution
		SolutionGuid = {7DB7A6AB-6778-497E-A561-0D780EFA4AE5}
	EndGlobalSection
EndGlobal
